
Microsoft Visual Studio Solution File, Format Version 12.00
# Visual Studio Version 17
VisualStudioVersion = 17.6.33815.320
MinimumVisualStudioVersion = 10.0.40219.1
Project("{9A19103F-16F7-4668-BE54-9A1E7A4F7556}") = "Dotnet6AutoInstrumentationIssueExample", "Dotnet6AutoInstrumentationIssueExample\Dotnet6AutoInstrumentationIssueExample.csproj", "{EDC6061F-3C04-4975-9120-EF20F9F5A122}"
EndProject
Project("{9A19103F-16F7-4668-BE54-9A1E7A4F7556}") = "Dotnet7AutoInstrumentationIssueExample", "Dotnet7AutoInstrumentationIssueExample\Dotnet7AutoInstrumentationIssueExample.csproj", "{201A416E-532A-4712-B4CD-A751670DBAEC}"
EndProject
Global
	GlobalSection(SolutionConfigurationPlatforms) = preSolution
		Debug|Any CPU = Debug|Any CPU
		Release|Any CPU = Release|Any CPU
	EndGlobalSection
	GlobalSection(ProjectConfigurationPlatforms) = postSolution
		{EDC6061F-3C04-4975-9120-EF20F9F5A122}.Debug|Any CPU.ActiveCfg = Debug|Any CPU
		{EDC6061F-3C04-4975-9120-EF20F9F5A122}.Debug|Any CPU.Build.0 = Debug|Any CPU
		{EDC6061F-3C04-4975-9120-EF20F9F5A122}.Release|Any CPU.ActiveCfg = Release|Any CPU
		{EDC6061F-3C04-4975-9120-EF20F9F5A122}.Release|Any CPU.Build.0 = Release|Any CPU
		{201A416E-532A-4712-B4CD-A751670DBAEC}.Debug|Any CPU.ActiveCfg = Debug|Any CPU
		{201A416E-532A-4712-B4CD-A751670DBAEC}.Debug|Any CPU.Build.0 = Debug|Any CPU
		{201A416E-532A-4712-B4CD-A751670DBAEC}.Release|Any CPU.ActiveCfg = Release|Any CPU
		{201A416E-532A-4712-B4CD-A751670DBAEC}.Release|Any CPU.Build.0 = Release|Any CPU
	EndGlobalSection
	GlobalSection(SolutionProperties) = preSolution
		HideSolutionNode = FALSE
	EndGlobalSection
	GlobalSection(ExtensibilityGlobals) = postSolution
		SolutionGuid = {4F3FFBE1-D359-4BE3-B51C-C62878FDAF9F}
	EndGlobalSection
EndGlobal
